
Microsoft Visual Studio Solution File, Format Version 12.00
# Visual Studio 15
VisualStudioVersion = 15.0.28307.757
MinimumVisualStudioVersion = 10.0.40219.1
Project("{FAE04EC0-301F-11D3-BF4B-00C04F79EFBC}") = "stopwatch_timer", "stopwatch_timer.csproj", "{C5EDFC4C-F786-4FC8-8DB2-C239A5B33668}"
EndProject
Global
	GlobalSection(SolutionConfigurationPlatforms) = preSolution
		Debug|Any CPU = Debug|Any CPU
		Release|Any CPU = Release|Any CPU
	EndGlobalSection
	GlobalSection(ProjectConfigurationPlatforms) = postSolution
		{C5EDFC4C-F786-4FC8-8DB2-C239A5B33668}.Debug|Any CPU.ActiveCfg = Debug|Any CPU
		{C5EDFC4C-F786-4FC8-8DB2-C239A5B33668}.Debug|Any CPU.Build.0 = Debug|Any CPU
		{C5EDFC4C-F786-4FC8-8DB2-C239A5B33668}.Release|Any CPU.ActiveCfg = Release|Any CPU
		{C5EDFC4C-F786-4FC8-8DB2-C239A5B33668}.Release|Any CPU.Build.0 = Release|Any CPU
	EndGlobalSection
	GlobalSection(SolutionProperties) = preSolution
		HideSolutionNode = FALSE
	EndGlobalSection
	GlobalSection(ExtensibilityGlobals) = postSolution
		SolutionGuid = {B7F57603-A525-4857-89B3-C36284CB6E38}
	EndGlobalSection
EndGlobal
